
Microsoft Visual Studio Solution File, Format Version 12.00
# Visual Studio Version 16
VisualStudioVersion = 16.0.31205.134
MinimumVisualStudioVersion = 10.0.40219.1
Project("{FAE04EC0-301F-11D3-BF4B-00C04F79EFBC}") = "Edile", "Edile\Edile.csproj", "{CDB09235-FF39-4D04-9C0C-E47B970F74DB}"
EndProject
Global
	GlobalSection(SolutionConfigurationPlatforms) = preSolution
		Debug|Any CPU = Debug|Any CPU
		Release|Any CPU = Release|Any CPU
	EndGlobalSection
	GlobalSection(ProjectConfigurationPlatforms) = postSolution
		{CDB09235-FF39-4D04-9C0C-E47B970F74DB}.Debug|Any CPU.ActiveCfg = Debug|Any CPU
		{CDB09235-FF39-4D04-9C0C-E47B970F74DB}.Debug|Any CPU.Build.0 = Debug|Any CPU
		{CDB09235-FF39-4D04-9C0C-E47B970F74DB}.Release|Any CPU.ActiveCfg = Release|Any CPU
		{CDB09235-FF39-4D04-9C0C-E47B970F74DB}.Release|Any CPU.Build.0 = Release|Any CPU
		{EC2D18F1-1897-4708-B4DC-FA6F87FDB715}.Debug|Any CPU.ActiveCfg = Debug|Any CPU
		{EC2D18F1-1897-4708-B4DC-FA6F87FDB715}.Debug|Any CPU.Build.0 = Debug|Any CPU
		{EC2D18F1-1897-4708-B4DC-FA6F87FDB715}.Release|Any CPU.ActiveCfg = Release|Any CPU
		{EC2D18F1-1897-4708-B4DC-FA6F87FDB715}.Release|Any CPU.Build.0 = Release|Any CPU
	EndGlobalSection
	GlobalSection(SolutionProperties) = preSolution
		HideSolutionNode = FALSE
	EndGlobalSection
	GlobalSection(ExtensibilityGlobals) = postSolution
		SolutionGuid = {E41DDCF8-B1F9-4F63-9CC4-95BF009ED2FB}
	EndGlobalSection
EndGlobal
